<Solution>
  <Project Path="POSTTEST_1/POSTTEST_1.vbproj" />
  <Project Path="POSTTEST_2/POSTTEST_2.vbproj" Id="22c7a99a-60fb-433b-92c2-dc1a5ef86a02" />
  <Project Path="POSTTEST_3/POSTTEST_3.vbproj" Id="78896644-3180-4b55-9be8-53d09d1a1dd4" />
  <Project Path="POSTTEST_4/POSTTEST_4.vbproj" Id="7584205d-396c-4040-9fb5-532c1929f66b" />
  <Project Path="POSTTEST_5/POSTTEST_5.vbproj" Id="d4557165-354f-4f31-9787-e285c30f7397" />
  <Project Path="posttest_6/posttest_6.vbproj" Id="ba9a8899-bf12-432e-91d3-1bc69008ed52" />
</Solution>
